
Microsoft Visual Studio Solution File, Format Version 12.00
# Visual Studio Version 17
VisualStudioVersion = 17.0.31903.59
MinimumVisualStudioVersion = 10.0.40219.1
Project("{2150E333-8FDC-42A3-9474-1A3956D46DE8}") = "src", "src", "{827E0CD3-B72D-47B6-A68D-7590B98EB39B}"
EndProject
Project("{FAE04EC0-301F-11D3-BF4B-00C04F79EFBC}") = "ProjectME_BE.Domain", "ProjectME_BE.Domain\ProjectME_BE.Domain.csproj", "{88BC5949-023D-4A5F-8E40-0F37965E82D8}"
EndProject
Project("{FAE04EC0-301F-11D3-BF4B-00C04F79EFBC}") = "ProjectME_BE.Application", "ProjectME_BE.Application\ProjectME_BE.Application.csproj", "{BB5FC5E5-A5A1-4023-A116-8258C2597BCB}"
EndProject
Project("{FAE04EC0-301F-11D3-BF4B-00C04F79EFBC}") = "ProjectME_BE.Infrastructure", "ProjectME_BE.Infrastructure\ProjectME_BE.Infrastructure.csproj", "{0AA67787-CF85-4F0E-83EF-47D45DB56704}"
EndProject
Project("{FAE04EC0-301F-11D3-BF4B-00C04F79EFBC}") = "ProjectME_BE", "ProjectME_BE\ProjectME_BE.csproj", "{8DB1AF43-D80B-40C1-9711-2338CD71632B}"
EndProject
Global
	GlobalSection(SolutionConfigurationPlatforms) = preSolution
		Debug|Any CPU = Debug|Any CPU
		Debug|x64 = Debug|x64
		Debug|x86 = Debug|x86
		Release|Any CPU = Release|Any CPU
		Release|x64 = Release|x64
		Release|x86 = Release|x86
	EndGlobalSection
	GlobalSection(ProjectConfigurationPlatforms) = postSolution
		{88BC5949-023D-4A5F-8E40-0F37965E82D8}.Debug|Any CPU.ActiveCfg = Debug|Any CPU
		{88BC5949-023D-4A5F-8E40-0F37965E82D8}.Debug|Any CPU.Build.0 = Debug|Any CPU
		{88BC5949-023D-4A5F-8E40-0F37965E82D8}.Debug|x64.ActiveCfg = Debug|Any CPU
		{88BC5949-023D-4A5F-8E40-0F37965E82D8}.Debug|x64.Build.0 = Debug|Any CPU
		{88BC5949-023D-4A5F-8E40-0F37965E82D8}.Debug|x86.ActiveCfg = Debug|Any CPU
		{88BC5949-023D-4A5F-8E40-0F37965E82D8}.Debug|x86.Build.0 = Debug|Any CPU
		{88BC5949-023D-4A5F-8E40-0F37965E82D8}.Release|Any CPU.ActiveCfg = Release|Any CPU
		{88BC5949-023D-4A5F-8E40-0F37965E82D8}.Release|Any CPU.Build.0 = Release|Any CPU
		{88BC5949-023D-4A5F-8E40-0F37965E82D8}.Release|x64.ActiveCfg = Release|Any CPU
		{88BC5949-023D-4A5F-8E40-0F37965E82D8}.Release|x64.Build.0 = Release|Any CPU
		{88BC5949-023D-4A5F-8E40-0F37965E82D8}.Release|x86.ActiveCfg = Release|Any CPU
		{88BC5949-023D-4A5F-8E40-0F37965E82D8}.Release|x86.Build.0 = Release|Any CPU
		{BB5FC5E5-A5A1-4023-A116-8258C2597BCB}.Debug|Any CPU.ActiveCfg = Debug|Any CPU
		{BB5FC5E5-A5A1-4023-A116-8258C2597BCB}.Debug|Any CPU.Build.0 = Debug|Any CPU
		{BB5FC5E5-A5A1-4023-A116-8258C2597BCB}.Debug|x64.ActiveCfg = Debug|Any CPU
		{BB5FC5E5-A5A1-4023-A116-8258C2597BCB}.Debug|x64.Build.0 = Debug|Any CPU
		{BB5FC5E5-A5A1-4023-A116-8258C2597BCB}.Debug|x86.ActiveCfg = Debug|Any CPU
		{BB5FC5E5-A5A1-4023-A116-8258C2597BCB}.Debug|x86.Build.0 = Debug|Any CPU
		{BB5FC5E5-A5A1-4023-A116-8258C2597BCB}.Release|Any CPU.ActiveCfg = Release|Any CPU
		{BB5FC5E5-A5A1-4023-A116-8258C2597BCB}.Release|Any CPU.Build.0 = Release|Any CPU
		{BB5FC5E5-A5A1-4023-A116-8258C2597BCB}.Release|x64.ActiveCfg = Release|Any CPU
		{BB5FC5E5-A5A1-4023-A116-8258C2597BCB}.Release|x64.Build.0 = Release|Any CPU
		{BB5FC5E5-A5A1-4023-A116-8258C2597BCB}.Release|x86.ActiveCfg = Release|Any CPU
		{BB5FC5E5-A5A1-4023-A116-8258C2597BCB}.Release|x86.Build.0 = Release|Any CPU
		{0AA67787-CF85-4F0E-83EF-47D45DB56704}.Debug|Any CPU.ActiveCfg = Debug|Any CPU
		{0AA67787-CF85-4F0E-83EF-47D45DB56704}.Debug|Any CPU.Build.0 = Debug|Any CPU
		{0AA67787-CF85-4F0E-83EF-47D45DB56704}.Debug|x64.ActiveCfg = Debug|Any CPU
		{0AA67787-CF85-4F0E-83EF-47D45DB56704}.Debug|x64.Build.0 = Debug|Any CPU
		{0AA67787-CF85-4F0E-83EF-47D45DB56704}.Debug|x86.ActiveCfg = Debug|Any CPU
		{0AA67787-CF85-4F0E-83EF-47D45DB56704}.Debug|x86.Build.0 = Debug|Any CPU
		{0AA67787-CF85-4F0E-83EF-47D45DB56704}.Release|Any CPU.ActiveCfg = Release|Any CPU
		{0AA67787-CF85-4F0E-83EF-47D45DB56704}.Release|Any CPU.Build.0 = Release|Any CPU
		{0AA67787-CF85-4F0E-83EF-47D45DB56704}.Release|x64.ActiveCfg = Release|Any CPU
		{0AA67787-CF85-4F0E-83EF-47D45DB56704}.Release|x64.Build.0 = Release|Any CPU
		{0AA67787-CF85-4F0E-83EF-47D45DB56704}.Release|x86.ActiveCfg = Release|Any CPU
		{0AA67787-CF85-4F0E-83EF-47D45DB56704}.Release|x86.Build.0 = Release|Any CPU
		{8DB1AF43-D80B-40C1-9711-2338CD71632B}.Debug|Any CPU.ActiveCfg = Debug|Any CPU
		{8DB1AF43-D80B-40C1-9711-2338CD71632B}.Debug|Any CPU.Build.0 = Debug|Any CPU
		{8DB1AF43-D80B-40C1-9711-2338CD71632B}.Debug|x64.ActiveCfg = Debug|Any CPU
		{8DB1AF43-D80B-40C1-9711-2338CD71632B}.Debug|x64.Build.0 = Debug|Any CPU
		{8DB1AF43-D80B-40C1-9711-2338CD71632B}.Debug|x86.ActiveCfg = Debug|Any CPU
		{8DB1AF43-D80B-40C1-9711-2338CD71632B}.Debug|x86.Build.0 = Debug|Any CPU
		{8DB1AF43-D80B-40C1-9711-2338CD71632B}.Release|Any CPU.ActiveCfg = Release|Any CPU
		{8DB1AF43-D80B-40C1-9711-2338CD71632B}.Release|Any CPU.Build.0 = Release|Any CPU
		{8DB1AF43-D80B-40C1-9711-2338CD71632B}.Release|x64.ActiveCfg = Release|Any CPU
		{8DB1AF43-D80B-40C1-9711-2338CD71632B}.Release|x64.Build.0 = Release|Any CPU
		{8DB1AF43-D80B-40C1-9711-2338CD71632B}.Release|x86.ActiveCfg = Release|Any CPU
		{8DB1AF43-D80B-40C1-9711-2338CD71632B}.Release|x86.Build.0 = Release|Any CPU
	EndGlobalSection
	GlobalSection(SolutionProperties) = preSolution
		HideSolutionNode = FALSE
	EndGlobalSection
	GlobalSection(NestedProjects) = preSolution
		{88BC5949-023D-4A5F-8E40-0F37965E82D8} = {827E0CD3-B72D-47B6-A68D-7590B98EB39B}
		{BB5FC5E5-A5A1-4023-A116-8258C2597BCB} = {827E0CD3-B72D-47B6-A68D-7590B98EB39B}
		{0AA67787-CF85-4F0E-83EF-47D45DB56704} = {827E0CD3-B72D-47B6-A68D-7590B98EB39B}
		{8DB1AF43-D80B-40C1-9711-2338CD71632B} = {827E0CD3-B72D-47B6-A68D-7590B98EB39B}
	EndGlobalSection
EndGlobal
